
Microsoft Visual Studio Solution File, Format Version 12.00
# Visual Studio Version 17
VisualStudioVersion = 17.9.34902.65
MinimumVisualStudioVersion = 10.0.40219.1
Project("{9A19103F-16F7-4668-BE54-9A1E7A4F7556}") = "CryptoWorld.News.Server", "CryptoWorld.News.Server\CryptoWorld.News.Server.csproj", "{139031F0-89FF-4E56-8A33-5C4C1DDFE794}"
EndProject
Project("{54A90642-561A-4BB1-A94E-469ADEE60C69}") = "cryptoworld.news.client", "cryptoworld.news.client\cryptoworld.news.client.esproj", "{1A2AD1AB-20EE-4DD7-BC12-87837EB4B85D}"
EndProject
Project("{2150E333-8FDC-42A3-9474-1A3956D46DE8}") = "Common", "Common", "{BF473F0C-6454-451D-8F79-7580BFFB24A7}"
EndProject
Project("{2150E333-8FDC-42A3-9474-1A3956D46DE8}") = "DataConstants", "DataConstants", "{6BBA12BF-1F4E-4A7D-912F-23230F2A37F9}"
EndProject
Project("{2150E333-8FDC-42A3-9474-1A3956D46DE8}") = "ErrorMessages", "ErrorMessages", "{B960FF0A-B0FD-4D05-A66F-0A141849E84A}"
EndProject
Global
	GlobalSection(SolutionConfigurationPlatforms) = preSolution
		Debug|Any CPU = Debug|Any CPU
		Release|Any CPU = Release|Any CPU
	EndGlobalSection
	GlobalSection(ProjectConfigurationPlatforms) = postSolution
		{139031F0-89FF-4E56-8A33-5C4C1DDFE794}.Debug|Any CPU.ActiveCfg = Debug|Any CPU
		{139031F0-89FF-4E56-8A33-5C4C1DDFE794}.Debug|Any CPU.Build.0 = Debug|Any CPU
		{139031F0-89FF-4E56-8A33-5C4C1DDFE794}.Release|Any CPU.ActiveCfg = Release|Any CPU
		{139031F0-89FF-4E56-8A33-5C4C1DDFE794}.Release|Any CPU.Build.0 = Release|Any CPU
		{1A2AD1AB-20EE-4DD7-BC12-87837EB4B85D}.Debug|Any CPU.ActiveCfg = Debug|Any CPU
		{1A2AD1AB-20EE-4DD7-BC12-87837EB4B85D}.Debug|Any CPU.Build.0 = Debug|Any CPU
		{1A2AD1AB-20EE-4DD7-BC12-87837EB4B85D}.Debug|Any CPU.Deploy.0 = Debug|Any CPU
		{1A2AD1AB-20EE-4DD7-BC12-87837EB4B85D}.Release|Any CPU.ActiveCfg = Release|Any CPU
		{1A2AD1AB-20EE-4DD7-BC12-87837EB4B85D}.Release|Any CPU.Build.0 = Release|Any CPU
		{1A2AD1AB-20EE-4DD7-BC12-87837EB4B85D}.Release|Any CPU.Deploy.0 = Release|Any CPU
	EndGlobalSection
	GlobalSection(SolutionProperties) = preSolution
		HideSolutionNode = FALSE
	EndGlobalSection
	GlobalSection(NestedProjects) = preSolution
		{6BBA12BF-1F4E-4A7D-912F-23230F2A37F9} = {BF473F0C-6454-451D-8F79-7580BFFB24A7}
		{B960FF0A-B0FD-4D05-A66F-0A141849E84A} = {BF473F0C-6454-451D-8F79-7580BFFB24A7}
	EndGlobalSection
	GlobalSection(ExtensibilityGlobals) = postSolution
		SolutionGuid = {1D529AC1-4081-4917-9531-3D27351AF0C8}
	EndGlobalSection
EndGlobal
