
Microsoft Visual Studio Solution File, Format Version 12.00
# Visual Studio Version 17
VisualStudioVersion = 17.9.34902.65
MinimumVisualStudioVersion = 10.0.40219.1
Project("{9A19103F-16F7-4668-BE54-9A1E7A4F7556}") = "CryptoWorld.Application.Server", "CryptoWorld.News.Server\CryptoWorld.Application.Server.csproj", "{139031F0-89FF-4E56-8A33-5C4C1DDFE794}"
	ProjectSection(ProjectDependencies) = postProject
		{A00BF946-0480-487B-ADBB-1A210E78323B} = {A00BF946-0480-487B-ADBB-1A210E78323B}
		{E2EA762B-1BF5-4436-9AFA-1B79D03B81D7} = {E2EA762B-1BF5-4436-9AFA-1B79D03B81D7}
	EndProjectSection
EndProject
Project("{54A90642-561A-4BB1-A94E-469ADEE60C69}") = "cryptoworld.news.client", "cryptoworld.news.client\cryptoworld.news.client.esproj", "{1A2AD1AB-20EE-4DD7-BC12-87837EB4B85D}"
EndProject
Project("{2150E333-8FDC-42A3-9474-1A3956D46DE8}") = "CryptoWorld.News.UnitTests", "CryptoWorld.News.UnitTests", "{9851A141-FD04-4DE0-BF20-ACE46758A32D}"
EndProject
Project("{9A19103F-16F7-4668-BE54-9A1E7A4F7556}") = "CryptoWorld.News.UnitTests", "CryptoNews.UnitTests\CryptoWorld.News.UnitTests.csproj", "{A827DC91-310F-4C5D-AF0E-30EAECC43EB0}"
EndProject
Project("{2150E333-8FDC-42A3-9474-1A3956D46DE8}") = "CryptoWorld.News.Core", "CryptoWorld.News.Core", "{737E1F95-7AC8-4AC0-B3B2-8CCDE35B1D57}"
EndProject
Project("{2150E333-8FDC-42A3-9474-1A3956D46DE8}") = "Server", "Server", "{412DE7B1-04E5-4CF1-9C74-8F2881D9A18E}"
EndProject
Project("{2150E333-8FDC-42A3-9474-1A3956D46DE8}") = "Client", "Client", "{8D9197FE-7524-4143-83D9-5D1FC2316794}"
EndProject
Project("{9A19103F-16F7-4668-BE54-9A1E7A4F7556}") = "CryptoWorld.News.Data", "CryptoWorld.News.Data\CryptoWorld.News.Data.csproj", "{69793180-A251-49EA-A0B1-8EDBB8459AFF}"
EndProject
Project("{2150E333-8FDC-42A3-9474-1A3956D46DE8}") = "CryptoWorld.News.Data", "CryptoWorld.News.Data", "{AAC2EADA-EE45-4597-BA0B-BD9853690E02}"
EndProject
Project("{9A19103F-16F7-4668-BE54-9A1E7A4F7556}") = "CryptоWorld.News.Core", "CryptoNews.World.Core\CryptоWorld.News.Core.csproj", "{E2EA762B-1BF5-4436-9AFA-1B79D03B81D7}"
EndProject
Project("{2150E333-8FDC-42A3-9474-1A3956D46DE8}") = "CryptoWorld.News.Common", "CryptoWorld.News.Common", "{9C19061E-DAA8-43D7-8F1A-6FAE4C8C5A42}"
EndProject
Project("{9A19103F-16F7-4668-BE54-9A1E7A4F7556}") = "CryptoWorld.News.Common", "CryptoWorld.News.Common\CryptoWorld.News.Common.csproj", "{A00BF946-0480-487B-ADBB-1A210E78323B}"
EndProject
Project("{9A19103F-16F7-4668-BE54-9A1E7A4F7556}") = "CryptоWorld.News.Core", "CryptoWorld.News.Core\CryptоWorld.News.Core.csproj", "{629AFE0D-8C51-4109-B8E3-8745619ECF07}"
EndProject
Global
	GlobalSection(SolutionConfigurationPlatforms) = preSolution
		Debug|Any CPU = Debug|Any CPU
		Release|Any CPU = Release|Any CPU
	EndGlobalSection
	GlobalSection(ProjectConfigurationPlatforms) = postSolution
		{139031F0-89FF-4E56-8A33-5C4C1DDFE794}.Debug|Any CPU.ActiveCfg = Debug|Any CPU
		{139031F0-89FF-4E56-8A33-5C4C1DDFE794}.Debug|Any CPU.Build.0 = Debug|Any CPU
		{139031F0-89FF-4E56-8A33-5C4C1DDFE794}.Release|Any CPU.ActiveCfg = Release|Any CPU
		{139031F0-89FF-4E56-8A33-5C4C1DDFE794}.Release|Any CPU.Build.0 = Release|Any CPU
		{1A2AD1AB-20EE-4DD7-BC12-87837EB4B85D}.Debug|Any CPU.ActiveCfg = Debug|Any CPU
		{1A2AD1AB-20EE-4DD7-BC12-87837EB4B85D}.Debug|Any CPU.Build.0 = Debug|Any CPU
		{1A2AD1AB-20EE-4DD7-BC12-87837EB4B85D}.Debug|Any CPU.Deploy.0 = Debug|Any CPU
		{1A2AD1AB-20EE-4DD7-BC12-87837EB4B85D}.Release|Any CPU.ActiveCfg = Release|Any CPU
		{1A2AD1AB-20EE-4DD7-BC12-87837EB4B85D}.Release|Any CPU.Build.0 = Release|Any CPU
		{1A2AD1AB-20EE-4DD7-BC12-87837EB4B85D}.Release|Any CPU.Deploy.0 = Release|Any CPU
		{A827DC91-310F-4C5D-AF0E-30EAECC43EB0}.Debug|Any CPU.ActiveCfg = Debug|Any CPU
		{A827DC91-310F-4C5D-AF0E-30EAECC43EB0}.Debug|Any CPU.Build.0 = Debug|Any CPU
		{A827DC91-310F-4C5D-AF0E-30EAECC43EB0}.Release|Any CPU.ActiveCfg = Release|Any CPU
		{A827DC91-310F-4C5D-AF0E-30EAECC43EB0}.Release|Any CPU.Build.0 = Release|Any CPU
		{69793180-A251-49EA-A0B1-8EDBB8459AFF}.Debug|Any CPU.ActiveCfg = Debug|Any CPU
		{69793180-A251-49EA-A0B1-8EDBB8459AFF}.Debug|Any CPU.Build.0 = Debug|Any CPU
		{69793180-A251-49EA-A0B1-8EDBB8459AFF}.Release|Any CPU.ActiveCfg = Release|Any CPU
		{69793180-A251-49EA-A0B1-8EDBB8459AFF}.Release|Any CPU.Build.0 = Release|Any CPU
		{E2EA762B-1BF5-4436-9AFA-1B79D03B81D7}.Debug|Any CPU.ActiveCfg = Debug|Any CPU
		{E2EA762B-1BF5-4436-9AFA-1B79D03B81D7}.Debug|Any CPU.Build.0 = Debug|Any CPU
		{E2EA762B-1BF5-4436-9AFA-1B79D03B81D7}.Release|Any CPU.ActiveCfg = Release|Any CPU
		{E2EA762B-1BF5-4436-9AFA-1B79D03B81D7}.Release|Any CPU.Build.0 = Release|Any CPU
		{A00BF946-0480-487B-ADBB-1A210E78323B}.Debug|Any CPU.ActiveCfg = Debug|Any CPU
		{A00BF946-0480-487B-ADBB-1A210E78323B}.Debug|Any CPU.Build.0 = Debug|Any CPU
		{A00BF946-0480-487B-ADBB-1A210E78323B}.Release|Any CPU.ActiveCfg = Release|Any CPU
		{A00BF946-0480-487B-ADBB-1A210E78323B}.Release|Any CPU.Build.0 = Release|Any CPU
		{629AFE0D-8C51-4109-B8E3-8745619ECF07}.Debug|Any CPU.ActiveCfg = Debug|Any CPU
		{629AFE0D-8C51-4109-B8E3-8745619ECF07}.Debug|Any CPU.Build.0 = Debug|Any CPU
		{629AFE0D-8C51-4109-B8E3-8745619ECF07}.Release|Any CPU.ActiveCfg = Release|Any CPU
		{629AFE0D-8C51-4109-B8E3-8745619ECF07}.Release|Any CPU.Build.0 = Release|Any CPU
	EndGlobalSection
	GlobalSection(SolutionProperties) = preSolution
		HideSolutionNode = FALSE
	EndGlobalSection
	GlobalSection(NestedProjects) = preSolution
		{139031F0-89FF-4E56-8A33-5C4C1DDFE794} = {412DE7B1-04E5-4CF1-9C74-8F2881D9A18E}
		{1A2AD1AB-20EE-4DD7-BC12-87837EB4B85D} = {8D9197FE-7524-4143-83D9-5D1FC2316794}
		{9851A141-FD04-4DE0-BF20-ACE46758A32D} = {412DE7B1-04E5-4CF1-9C74-8F2881D9A18E}
		{A827DC91-310F-4C5D-AF0E-30EAECC43EB0} = {9851A141-FD04-4DE0-BF20-ACE46758A32D}
		{737E1F95-7AC8-4AC0-B3B2-8CCDE35B1D57} = {412DE7B1-04E5-4CF1-9C74-8F2881D9A18E}
		{69793180-A251-49EA-A0B1-8EDBB8459AFF} = {AAC2EADA-EE45-4597-BA0B-BD9853690E02}
		{AAC2EADA-EE45-4597-BA0B-BD9853690E02} = {412DE7B1-04E5-4CF1-9C74-8F2881D9A18E}
		{E2EA762B-1BF5-4436-9AFA-1B79D03B81D7} = {737E1F95-7AC8-4AC0-B3B2-8CCDE35B1D57}
		{9C19061E-DAA8-43D7-8F1A-6FAE4C8C5A42} = {412DE7B1-04E5-4CF1-9C74-8F2881D9A18E}
		{A00BF946-0480-487B-ADBB-1A210E78323B} = {9C19061E-DAA8-43D7-8F1A-6FAE4C8C5A42}
		{629AFE0D-8C51-4109-B8E3-8745619ECF07} = {737E1F95-7AC8-4AC0-B3B2-8CCDE35B1D57}
	EndGlobalSection
	GlobalSection(ExtensibilityGlobals) = postSolution
		SolutionGuid = {1D529AC1-4081-4917-9531-3D27351AF0C8}
	EndGlobalSection
EndGlobal
